
Microsoft Visual Studio Solution File, Format Version 12.00
# Visual Studio 2013
VisualStudioVersion = 12.0.40629.0
MinimumVisualStudioVersion = 10.0.40219.1
Project("{FAE04EC0-301F-11D3-BF4B-00C04F79EFBC}") = "TestSigningBird", "TestSigningBird\TestSigningBird.csproj", "{E126FC12-D129-4A20-8257-4C9A7E34B159}"
EndProject
Global
	GlobalSection(SolutionConfigurationPlatforms) = preSolution
		Debug|Any CPU = Debug|Any CPU
		Release|Any CPU = Release|Any CPU
	EndGlobalSection
	GlobalSection(ProjectConfigurationPlatforms) = postSolution
		{E126FC12-D129-4A20-8257-4C9A7E34B159}.Debug|Any CPU.ActiveCfg = Debug|Any CPU
		{E126FC12-D129-4A20-8257-4C9A7E34B159}.Debug|Any CPU.Build.0 = Debug|Any CPU
		{E126FC12-D129-4A20-8257-4C9A7E34B159}.Release|Any CPU.ActiveCfg = Release|Any CPU
		{E126FC12-D129-4A20-8257-4C9A7E34B159}.Release|Any CPU.Build.0 = Release|Any CPU
	EndGlobalSection
	GlobalSection(SolutionProperties) = preSolution
		HideSolutionNode = FALSE
	EndGlobalSection
EndGlobal
